// !$*UTF8*$!
{
	archiveVersion = 1;
	classes = {
	};
	objectVersion = 46;
	objects = {

/* Begin PBXBuildFile section */
		D62B908719323A790002B07F /* FMDatabase.m in Sources */ = {isa = PBXBuildFile; fileRef = D62B907D19323A790002B07F /* FMDatabase.m */; };
		D62B908819323A790002B07F /* FMDatabaseAdditions.m in Sources */ = {isa = PBXBuildFile; fileRef = D62B907F19323A790002B07F /* FMDatabaseAdditions.m */; };
		D62B908919323A790002B07F /* FMDatabasePool.m in Sources */ = {isa = PBXBuildFile; fileRef = D62B908119323A790002B07F /* FMDatabasePool.m */; };
		D62B908A19323A790002B07F /* FMDatabaseQueue.m in Sources */ = {isa = PBXBuildFile; fileRef = D62B908319323A790002B07F /* FMDatabaseQueue.m */; };
		D62B908B19323A790002B07F /* FMResultSet.m in Sources */ = {isa = PBXBuildFile; fileRef = D62B908619323A790002B07F /* FMResultSet.m */; };
		D62B908D19323ADF0002B07F /* libsqlite3.0.dylib in Frameworks */ = {isa = PBXBuildFile; fileRef = D62B908C19323ADF0002B07F /* libsqlite3.0.dylib */; };
		EF978007192F2896003C2A03 /* Foundation.framework in Frameworks */ = {isa = PBXBuildFile; fileRef = EF978006192F2896003C2A03 /* Foundation.framework */; };
		EF978009192F2896003C2A03 /* CoreGraphics.framework in Frameworks */ = {isa = PBXBuildFile; fileRef = EF978008192F2896003C2A03 /* CoreGraphics.framework */; };
		EF97800B192F2896003C2A03 /* UIKit.framework in Frameworks */ = {isa = PBXBuildFile; fileRef = EF97800A192F2896003C2A03 /* UIKit.framework */; };
		EF978011192F2896003C2A03 /* InfoPlist.strings in Resources */ = {isa = PBXBuildFile; fileRef = EF97800F192F2896003C2A03 /* InfoPlist.strings */; };
		EF978013192F2896003C2A03 /* main.m in Sources */ = {isa = PBXBuildFile; fileRef = EF978012192F2896003C2A03 /* main.m */; };
		EF978017192F2896003C2A03 /* AppDelegate.m in Sources */ = {isa = PBXBuildFile; fileRef = EF978016192F2896003C2A03 /* AppDelegate.m */; };
		EF97801A192F2896003C2A03 /* Main.storyboard in Resources */ = {isa = PBXBuildFile; fileRef = EF978018192F2896003C2A03 /* Main.storyboard */; };
		EF97801D192F2896003C2A03 /* FirstViewController.m in Sources */ = {isa = PBXBuildFile; fileRef = EF97801C192F2896003C2A03 /* FirstViewController.m */; };
		EF97801F192F2896003C2A03 /* Images.xcassets in Resources */ = {isa = PBXBuildFile; fileRef = EF97801E192F2896003C2A03 /* Images.xcassets */; };
		EF978026192F2896003C2A03 /* XCTest.framework in Frameworks */ = {isa = PBXBuildFile; fileRef = EF978025192F2896003C2A03 /* XCTest.framework */; };
		EF978027192F2896003C2A03 /* Foundation.framework in Frameworks */ = {isa = PBXBuildFile; fileRef = EF978006192F2896003C2A03 /* Foundation.framework */; };
		EF978028192F2896003C2A03 /* UIKit.framework in Frameworks */ = {isa = PBXBuildFile; fileRef = EF97800A192F2896003C2A03 /* UIKit.framework */; };
		EF978030192F2896003C2A03 /* InfoPlist.strings in Resources */ = {isa = PBXBuildFile; fileRef = EF97802E192F2896003C2A03 /* InfoPlist.strings */; };
		EF978032192F2896003C2A03 /* ApiSportTests.m in Sources */ = {isa = PBXBuildFile; fileRef = EF978031192F2896003C2A03 /* ApiSportTests.m */; };
		EF978042192F31BC003C2A03 /* User.m in Sources */ = {isa = PBXBuildFile; fileRef = EF978041192F31BC003C2A03 /* User.m */; };
		EF978045192F31C9003C2A03 /* Event.m in Sources */ = {isa = PBXBuildFile; fileRef = EF978044192F31C9003C2A03 /* Event.m */; };
		EF978049192F3210003C2A03 /* UserPersister.m in Sources */ = {isa = PBXBuildFile; fileRef = EF978048192F3210003C2A03 /* UserPersister.m */; };
		EF97804C192F321A003C2A03 /* Finder.m in Sources */ = {isa = PBXBuildFile; fileRef = EF97804B192F321A003C2A03 /* Finder.m */; };
		EF978050192F324D003C2A03 /* Util.m in Sources */ = {isa = PBXBuildFile; fileRef = EF97804F192F324D003C2A03 /* Util.m */; };
		EF978053192F34B2003C2A03 /* UCC.m in Sources */ = {isa = PBXBuildFile; fileRef = EF978052192F34B2003C2A03 /* UCC.m */; };
		EF978056192F36E8003C2A03 /* CreateUserController.m in Sources */ = {isa = PBXBuildFile; fileRef = EF978055192F36E8003C2A03 /* CreateUserController.m */; };
/* End PBXBuildFile section */

/* Begin PBXContainerItemProxy section */
		EF978029192F2896003C2A03 /* PBXContainerItemProxy */ = {
			isa = PBXContainerItemProxy;
			containerPortal = EF977FFB192F2896003C2A03 /* Project object */;
			proxyType = 1;
			remoteGlobalIDString = EF978002192F2896003C2A03;
			remoteInfo = ApiSport;
		};
/* End PBXContainerItemProxy section */

/* Begin PBXFileReference section */
		D62B907C19323A790002B07F /* FMDatabase.h */ = {isa = PBXFileReference; fileEncoding = 4; lastKnownFileType = sourcecode.c.h; path = FMDatabase.h; sourceTree = "<group>"; };
		D62B907D19323A790002B07F /* FMDatabase.m */ = {isa = PBXFileReference; fileEncoding = 4; lastKnownFileType = sourcecode.c.objc; path = FMDatabase.m; sourceTree = "<group>"; };
		D62B907E19323A790002B07F /* FMDatabaseAdditions.h */ = {isa = PBXFileReference; fileEncoding = 4; lastKnownFileType = sourcecode.c.h; path = FMDatabaseAdditions.h; sourceTree = "<group>"; };
		D62B907F19323A790002B07F /* FMDatabaseAdditions.m */ = {isa = PBXFileReference; fileEncoding = 4; lastKnownFileType = sourcecode.c.objc; path = FMDatabaseAdditions.m; sourceTree = "<group>"; };
		D62B908019323A790002B07F /* FMDatabasePool.h */ = {isa = PBXFileReference; fileEncoding = 4; lastKnownFileType = sourcecode.c.h; path = FMDatabasePool.h; sourceTree = "<group>"; };
		D62B908119323A790002B07F /* FMDatabasePool.m */ = {isa = PBXFileReference; fileEncoding = 4; lastKnownFileType = sourcecode.c.objc; path = FMDatabasePool.m; sourceTree = "<group>"; };
		D62B908219323A790002B07F /* FMDatabaseQueue.h */ = {isa = PBXFileReference; fileEncoding = 4; lastKnownFileType = sourcecode.c.h; path = FMDatabaseQueue.h; sourceTree = "<group>"; };
		D62B908319323A790002B07F /* FMDatabaseQueue.m */ = {isa = PBXFileReference; fileEncoding = 4; lastKnownFileType = sourcecode.c.objc; path = FMDatabaseQueue.m; sourceTree = "<group>"; };
		D62B908419323A790002B07F /* FMDB.h */ = {isa = PBXFileReference; fileEncoding = 4; lastKnownFileType = sourcecode.c.h; path = FMDB.h; sourceTree = "<group>"; };
		D62B908519323A790002B07F /* FMResultSet.h */ = {isa = PBXFileReference; fileEncoding = 4; lastKnownFileType = sourcecode.c.h; path = FMResultSet.h; sourceTree = "<group>"; };
		D62B908619323A790002B07F /* FMResultSet.m */ = {isa = PBXFileReference; fileEncoding = 4; lastKnownFileType = sourcecode.c.objc; path = FMResultSet.m; sourceTree = "<group>"; };
		D62B908C19323ADF0002B07F /* libsqlite3.0.dylib */ = {isa = PBXFileReference; lastKnownFileType = "compiled.mach-o.dylib"; name = libsqlite3.0.dylib; path = usr/lib/libsqlite3.0.dylib; sourceTree = SDKROOT; };
		D6F90C0119324E19006A56A2 /* testDB.sqlite */ = {isa = PBXFileReference; lastKnownFileType = file; path = testDB.sqlite; sourceTree = "<group>"; };
		EF978003192F2896003C2A03 /* ApiSport.app */ = {isa = PBXFileReference; explicitFileType = wrapper.application; includeInIndex = 0; path = ApiSport.app; sourceTree = BUILT_PRODUCTS_DIR; };
		EF978006192F2896003C2A03 /* Foundation.framework */ = {isa = PBXFileReference; lastKnownFileType = wrapper.framework; name = Foundation.framework; path = System/Library/Frameworks/Foundation.framework; sourceTree = SDKROOT; };
		EF978008192F2896003C2A03 /* CoreGraphics.framework */ = {isa = PBXFileReference; lastKnownFileType = wrapper.framework; name = CoreGraphics.framework; path = System/Library/Frameworks/CoreGraphics.framework; sourceTree = SDKROOT; };
		EF97800A192F2896003C2A03 /* UIKit.framework */ = {isa = PBXFileReference; lastKnownFileType = wrapper.framework; name = UIKit.framework; path = System/Library/Frameworks/UIKit.framework; sourceTree = SDKROOT; };
		EF97800E192F2896003C2A03 /* ApiSport-Info.plist */ = {isa = PBXFileReference; lastKnownFileType = text.plist.xml; path = "ApiSport-Info.plist"; sourceTree = "<group>"; };
		EF978010192F2896003C2A03 /* en */ = {isa = PBXFileReference; lastKnownFileType = text.plist.strings; name = en; path = en.lproj/InfoPlist.strings; sourceTree = "<group>"; };
		EF978012192F2896003C2A03 /* main.m */ = {isa = PBXFileReference; lastKnownFileType = sourcecode.c.objc; path = main.m; sourceTree = "<group>"; };
		EF978014192F2896003C2A03 /* ApiSport-Prefix.pch */ = {isa = PBXFileReference; lastKnownFileType = sourcecode.c.h; path = "ApiSport-Prefix.pch"; sourceTree = "<group>"; };
		EF978015192F2896003C2A03 /* AppDelegate.h */ = {isa = PBXFileReference; lastKnownFileType = sourcecode.c.h; path = AppDelegate.h; sourceTree = "<group>"; };
		EF978016192F2896003C2A03 /* AppDelegate.m */ = {isa = PBXFileReference; lastKnownFileType = sourcecode.c.objc; path = AppDelegate.m; sourceTree = "<group>"; };
		EF978019192F2896003C2A03 /* Base */ = {isa = PBXFileReference; lastKnownFileType = file.storyboard; name = Base; path = Base.lproj/Main.storyboard; sourceTree = "<group>"; };
		EF97801B192F2896003C2A03 /* FirstViewController.h */ = {isa = PBXFileReference; lastKnownFileType = sourcecode.c.h; path = FirstViewController.h; sourceTree = "<group>"; };
		EF97801C192F2896003C2A03 /* FirstViewController.m */ = {isa = PBXFileReference; lastKnownFileType = sourcecode.c.objc; path = FirstViewController.m; sourceTree = "<group>"; };
		EF97801E192F2896003C2A03 /* Images.xcassets */ = {isa = PBXFileReference; lastKnownFileType = folder.assetcatalog; path = Images.xcassets; sourceTree = "<group>"; };
		EF978024192F2896003C2A03 /* ApiSportTests.xctest */ = {isa = PBXFileReference; explicitFileType = wrapper.cfbundle; includeInIndex = 0; path = ApiSportTests.xctest; sourceTree = BUILT_PRODUCTS_DIR; };
		EF978025192F2896003C2A03 /* XCTest.framework */ = {isa = PBXFileReference; lastKnownFileType = wrapper.framework; name = XCTest.framework; path = Library/Frameworks/XCTest.framework; sourceTree = DEVELOPER_DIR; };
		EF97802D192F2896003C2A03 /* ApiSportTests-Info.plist */ = {isa = PBXFileReference; lastKnownFileType = text.plist.xml; path = "ApiSportTests-Info.plist"; sourceTree = "<group>"; };
		EF97802F192F2896003C2A03 /* en */ = {isa = PBXFileReference; lastKnownFileType = text.plist.strings; name = en; path = en.lproj/InfoPlist.strings; sourceTree = "<group>"; };
		EF978031192F2896003C2A03 /* ApiSportTests.m */ = {isa = PBXFileReference; lastKnownFileType = sourcecode.c.objc; path = ApiSportTests.m; sourceTree = "<group>"; };
		EF978040192F31BC003C2A03 /* User.h */ = {isa = PBXFileReference; fileEncoding = 4; lastKnownFileType = sourcecode.c.h; path = User.h; sourceTree = "<group>"; };
		EF978041192F31BC003C2A03 /* User.m */ = {isa = PBXFileReference; fileEncoding = 4; lastKnownFileType = sourcecode.c.objc; path = User.m; sourceTree = "<group>"; };
		EF978043192F31C9003C2A03 /* Event.h */ = {isa = PBXFileReference; fileEncoding = 4; lastKnownFileType = sourcecode.c.h; path = Event.h; sourceTree = "<group>"; };
		EF978044192F31C9003C2A03 /* Event.m */ = {isa = PBXFileReference; fileEncoding = 4; lastKnownFileType = sourcecode.c.objc; path = Event.m; sourceTree = "<group>"; };
		EF978047192F3210003C2A03 /* UserPersister.h */ = {isa = PBXFileReference; fileEncoding = 4; lastKnownFileType = sourcecode.c.h; path = UserPersister.h; sourceTree = "<group>"; };
		EF978048192F3210003C2A03 /* UserPersister.m */ = {isa = PBXFileReference; fileEncoding = 4; lastKnownFileType = sourcecode.c.objc; path = UserPersister.m; sourceTree = "<group>"; };
		EF97804A192F321A003C2A03 /* Finder.h */ = {isa = PBXFileReference; fileEncoding = 4; lastKnownFileType = sourcecode.c.h; path = Finder.h; sourceTree = "<group>"; };
		EF97804B192F321A003C2A03 /* Finder.m */ = {isa = PBXFileReference; fileEncoding = 4; lastKnownFileType = sourcecode.c.objc; path = Finder.m; sourceTree = "<group>"; };
		EF97804E192F324D003C2A03 /* Util.h */ = {isa = PBXFileReference; fileEncoding = 4; lastKnownFileType = sourcecode.c.h; path = Util.h; sourceTree = "<group>"; };
		EF97804F192F324D003C2A03 /* Util.m */ = {isa = PBXFileReference; fileEncoding = 4; lastKnownFileType = sourcecode.c.objc; path = Util.m; sourceTree = "<group>"; };
		EF978051192F34B2003C2A03 /* UCC.h */ = {isa = PBXFileReference; fileEncoding = 4; lastKnownFileType = sourcecode.c.h; path = UCC.h; sourceTree = "<group>"; };
		EF978052192F34B2003C2A03 /* UCC.m */ = {isa = PBXFileReference; fileEncoding = 4; lastKnownFileType = sourcecode.c.objc; path = UCC.m; sourceTree = "<group>"; };
		EF978054192F36E8003C2A03 /* CreateUserController.h */ = {isa = PBXFileReference; fileEncoding = 4; lastKnownFileType = sourcecode.c.h; path = CreateUserController.h; sourceTree = "<group>"; };
		EF978055192F36E8003C2A03 /* CreateUserController.m */ = {isa = PBXFileReference; fileEncoding = 4; lastKnownFileType = sourcecode.c.objc; path = CreateUserController.m; sourceTree = "<group>"; };
/* End PBXFileReference section */

/* Begin PBXFrameworksBuildPhase section */
		EF978000192F2896003C2A03 /* Frameworks */ = {
			isa = PBXFrameworksBuildPhase;
			buildActionMask = 2147483647;
			files = (
				D62B908D19323ADF0002B07F /* libsqlite3.0.dylib in Frameworks */,
				EF978009192F2896003C2A03 /* CoreGraphics.framework in Frameworks */,
				EF97800B192F2896003C2A03 /* UIKit.framework in Frameworks */,
				EF978007192F2896003C2A03 /* Foundation.framework in Frameworks */,
			);
			runOnlyForDeploymentPostprocessing = 0;
		};
		EF978021192F2896003C2A03 /* Frameworks */ = {
			isa = PBXFrameworksBuildPhase;
			buildActionMask = 2147483647;
			files = (
				EF978026192F2896003C2A03 /* XCTest.framework in Frameworks */,
				EF978028192F2896003C2A03 /* UIKit.framework in Frameworks */,
				EF978027192F2896003C2A03 /* Foundation.framework in Frameworks */,
			);
			runOnlyForDeploymentPostprocessing = 0;
		};
/* End PBXFrameworksBuildPhase section */

/* Begin PBXGroup section */
		D62B907B19323A790002B07F /* fmdb */ = {
			isa = PBXGroup;
			children = (
				D62B907C19323A790002B07F /* FMDatabase.h */,
				D62B907D19323A790002B07F /* FMDatabase.m */,
				D62B907E19323A790002B07F /* FMDatabaseAdditions.h */,
				D62B907F19323A790002B07F /* FMDatabaseAdditions.m */,
				D62B908019323A790002B07F /* FMDatabasePool.h */,
				D62B908119323A790002B07F /* FMDatabasePool.m */,
				D62B908219323A790002B07F /* FMDatabaseQueue.h */,
				D62B908319323A790002B07F /* FMDatabaseQueue.m */,
				D62B908419323A790002B07F /* FMDB.h */,
				D62B908519323A790002B07F /* FMResultSet.h */,
				D62B908619323A790002B07F /* FMResultSet.m */,
			);
			path = fmdb;
			sourceTree = "<group>";
		};
		D62B908E193249080002B07F /* DB */ = {
			isa = PBXGroup;
			children = (
				D6F90C0119324E19006A56A2 /* testDB.sqlite */,
			);
			name = DB;
			sourceTree = "<group>";
		};
		EF977FFA192F2896003C2A03 = {
			isa = PBXGroup;
			children = (
				EF97800C192F2896003C2A03 /* ApiSport */,
				EF97802B192F2896003C2A03 /* ApiSportTests */,
				EF978005192F2896003C2A03 /* Frameworks */,
				EF978004192F2896003C2A03 /* Products */,
			);
			sourceTree = "<group>";
		};
		EF978004192F2896003C2A03 /* Products */ = {
			isa = PBXGroup;
			children = (
				EF978003192F2896003C2A03 /* ApiSport.app */,
				EF978024192F2896003C2A03 /* ApiSportTests.xctest */,
			);
			name = Products;
			sourceTree = "<group>";
		};
		EF978005192F2896003C2A03 /* Frameworks */ = {
			isa = PBXGroup;
			children = (
				D62B908C19323ADF0002B07F /* libsqlite3.0.dylib */,
				EF978006192F2896003C2A03 /* Foundation.framework */,
				EF978008192F2896003C2A03 /* CoreGraphics.framework */,
				EF97800A192F2896003C2A03 /* UIKit.framework */,
				EF978025192F2896003C2A03 /* XCTest.framework */,
			);
			name = Frameworks;
			sourceTree = "<group>";
		};
		EF97800C192F2896003C2A03 /* ApiSport */ = {
			isa = PBXGroup;
			children = (
				D62B907B19323A790002B07F /* fmdb */,
				EF97803C192F310E003C2A03 /* IHM */,
				EF978046192F31E3003C2A03 /* UCC */,
				EF97803B192F3107003C2A03 /* DAL */,
				EF97804D192F322A003C2A03 /* RESSOURCES */,
				EF97801E192F2896003C2A03 /* Images.xcassets */,
				EF97800D192F2896003C2A03 /* Supporting Files */,
			);
			path = ApiSport;
			sourceTree = "<group>";
		};
		EF97800D192F2896003C2A03 /* Supporting Files */ = {
			isa = PBXGroup;
			children = (
				EF97800E192F2896003C2A03 /* ApiSport-Info.plist */,
				EF97800F192F2896003C2A03 /* InfoPlist.strings */,
				EF978012192F2896003C2A03 /* main.m */,
				EF978014192F2896003C2A03 /* ApiSport-Prefix.pch */,
			);
			name = "Supporting Files";
			sourceTree = "<group>";
		};
		EF97802B192F2896003C2A03 /* ApiSportTests */ = {
			isa = PBXGroup;
			children = (
				EF978031192F2896003C2A03 /* ApiSportTests.m */,
				EF97802C192F2896003C2A03 /* Supporting Files */,
			);
			path = ApiSportTests;
			sourceTree = "<group>";
		};
		EF97802C192F2896003C2A03 /* Supporting Files */ = {
			isa = PBXGroup;
			children = (
				EF97802D192F2896003C2A03 /* ApiSportTests-Info.plist */,
				EF97802E192F2896003C2A03 /* InfoPlist.strings */,
			);
			name = "Supporting Files";
			sourceTree = "<group>";
		};
		EF97803B192F3107003C2A03 /* DAL */ = {
			isa = PBXGroup;
			children = (
				EF978047192F3210003C2A03 /* UserPersister.h */,
				EF978048192F3210003C2A03 /* UserPersister.m */,
				EF97804A192F321A003C2A03 /* Finder.h */,
				EF97804B192F321A003C2A03 /* Finder.m */,
			);
			name = DAL;
			sourceTree = "<group>";
		};
		EF97803C192F310E003C2A03 /* IHM */ = {
			isa = PBXGroup;
			children = (
				EF97803F192F318B003C2A03 /* MODEL */,
				EF97803D192F3174003C2A03 /* CONTROLLER */,
				EF978018192F2896003C2A03 /* Main.storyboard */,
			);
			name = IHM;
			sourceTree = "<group>";
		};
		EF97803D192F3174003C2A03 /* CONTROLLER */ = {
			isa = PBXGroup;
			children = (
				EF978057192F36FC003C2A03 /* Create */,
				EF97801B192F2896003C2A03 /* FirstViewController.h */,
				EF97801C192F2896003C2A03 /* FirstViewController.m */,
				EF978015192F2896003C2A03 /* AppDelegate.h */,
				EF978016192F2896003C2A03 /* AppDelegate.m */,
			);
			name = CONTROLLER;
			sourceTree = "<group>";
		};
		EF97803F192F318B003C2A03 /* MODEL */ = {
			isa = PBXGroup;
			children = (
				EF978040192F31BC003C2A03 /* User.h */,
				EF978041192F31BC003C2A03 /* User.m */,
				EF978043192F31C9003C2A03 /* Event.h */,
				EF978044192F31C9003C2A03 /* Event.m */,
			);
			name = MODEL;
			sourceTree = "<group>";
		};
		EF978046192F31E3003C2A03 /* UCC */ = {
			isa = PBXGroup;
			children = (
				EF978051192F34B2003C2A03 /* UCC.h */,
				EF978052192F34B2003C2A03 /* UCC.m */,
			);
			name = UCC;
			sourceTree = "<group>";
		};
		EF97804D192F322A003C2A03 /* RESSOURCES */ = {
			isa = PBXGroup;
			children = (
				D62B908E193249080002B07F /* DB */,
				EF97804E192F324D003C2A03 /* Util.h */,
				EF97804F192F324D003C2A03 /* Util.m */,
			);
			name = RESSOURCES;
			sourceTree = "<group>";
		};
		EF978057192F36FC003C2A03 /* Create */ = {
			isa = PBXGroup;
			children = (
				EF978054192F36E8003C2A03 /* CreateUserController.h */,
				EF978055192F36E8003C2A03 /* CreateUserController.m */,
			);
			name = Create;
			sourceTree = "<group>";
		};
/* End PBXGroup section */

/* Begin PBXNativeTarget section */
		EF978002192F2896003C2A03 /* ApiSport */ = {
			isa = PBXNativeTarget;
			buildConfigurationList = EF978035192F2896003C2A03 /* Build configuration list for PBXNativeTarget "ApiSport" */;
			buildPhases = (
				EF977FFF192F2896003C2A03 /* Sources */,
				EF978000192F2896003C2A03 /* Frameworks */,
				EF978001192F2896003C2A03 /* Resources */,
			);
			buildRules = (
			);
			dependencies = (
			);
			name = ApiSport;
			productName = ApiSport;
			productReference = EF978003192F2896003C2A03 /* ApiSport.app */;
			productType = "com.apple.product-type.application";
		};
		EF978023192F2896003C2A03 /* ApiSportTests */ = {
			isa = PBXNativeTarget;
			buildConfigurationList = EF978038192F2896003C2A03 /* Build configuration list for PBXNativeTarget "ApiSportTests" */;
			buildPhases = (
				EF978020192F2896003C2A03 /* Sources */,
				EF978021192F2896003C2A03 /* Frameworks */,
				EF978022192F2896003C2A03 /* Resources */,
			);
			buildRules = (
			);
			dependencies = (
				EF97802A192F2896003C2A03 /* PBXTargetDependency */,
			);
			name = ApiSportTests;
			productName = ApiSportTests;
			productReference = EF978024192F2896003C2A03 /* ApiSportTests.xctest */;
			productType = "com.apple.product-type.bundle.unit-test";
		};
/* End PBXNativeTarget section */

/* Begin PBXProject section */
		EF977FFB192F2896003C2A03 /* Project object */ = {
			isa = PBXProject;
			attributes = {
				LastUpgradeCheck = 0510;
				ORGANIZATIONNAME = com.bidi;
				TargetAttributes = {
					EF978023192F2896003C2A03 = {
						TestTargetID = EF978002192F2896003C2A03;
					};
				};
			};
			buildConfigurationList = EF977FFE192F2896003C2A03 /* Build configuration list for PBXProject "ApiSport" */;
			compatibilityVersion = "Xcode 3.2";
			developmentRegion = English;
			hasScannedForEncodings = 0;
			knownRegions = (
				en,
				Base,
			);
			mainGroup = EF977FFA192F2896003C2A03;
			productRefGroup = EF978004192F2896003C2A03 /* Products */;
			projectDirPath = "";
			projectRoot = "";
			targets = (
				EF978002192F2896003C2A03 /* ApiSport */,
				EF978023192F2896003C2A03 /* ApiSportTests */,
			);
		};
/* End PBXProject section */

/* Begin PBXResourcesBuildPhase section */
		EF978001192F2896003C2A03 /* Resources */ = {
			isa = PBXResourcesBuildPhase;
			buildActionMask = 2147483647;
			files = (
				EF97801F192F2896003C2A03 /* Images.xcassets in Resources */,
				EF978011192F2896003C2A03 /* InfoPlist.strings in Resources */,
				EF97801A192F2896003C2A03 /* Main.storyboard in Resources */,
			);
			runOnlyForDeploymentPostprocessing = 0;
		};
		EF978022192F2896003C2A03 /* Resources */ = {
			isa = PBXResourcesBuildPhase;
			buildActionMask = 2147483647;
			files = (
				EF978030192F2896003C2A03 /* InfoPlist.strings in Resources */,
			);
			runOnlyForDeploymentPostprocessing = 0;
		};
/* End PBXResourcesBuildPhase section */

/* Begin PBXSourcesBuildPhase section */
		EF977FFF192F2896003C2A03 /* Sources */ = {
			isa = PBXSourcesBuildPhase;
			buildActionMask = 2147483647;
			files = (
				EF978042192F31BC003C2A03 /* User.m in Sources */,
				EF97801D192F2896003C2A03 /* FirstViewController.m in Sources */,
				D62B908919323A790002B07F /* FMDatabasePool.m in Sources */,
				D62B908A19323A790002B07F /* FMDatabaseQueue.m in Sources */,
				EF978045192F31C9003C2A03 /* Event.m in Sources */,
				EF978049192F3210003C2A03 /* UserPersister.m in Sources */,
				EF978056192F36E8003C2A03 /* CreateUserController.m in Sources */,
				EF978017192F2896003C2A03 /* AppDelegate.m in Sources */,
				EF97804C192F321A003C2A03 /* Finder.m in Sources */,
				D62B908B19323A790002B07F /* FMResultSet.m in Sources */,
				EF978053192F34B2003C2A03 /* UCC.m in Sources */,
				EF978013192F2896003C2A03 /* main.m in Sources */,
				D62B908719323A790002B07F /* FMDatabase.m in Sources */,
				EF978050192F324D003C2A03 /* Util.m in Sources */,
				D62B908819323A790002B07F /* FMDatabaseAdditions.m in Sources */,
			);
			runOnlyForDeploymentPostprocessing = 0;
		};
		EF978020192F2896003C2A03 /* Sources */ = {
			isa = PBXSourcesBuildPhase;
			buildActionMask = 2147483647;
			files = (
				EF978032192F2896003C2A03 /* ApiSportTests.m in Sources */,
			);
			runOnlyForDeploymentPostprocessing = 0;
		};
/* End PBXSourcesBuildPhase section */

/* Begin PBXTargetDependency section */
		EF97802A192F2896003C2A03 /* PBXTargetDependency */ = {
			isa = PBXTargetDependency;
			target = EF978002192F2896003C2A03 /* ApiSport */;
			targetProxy = EF978029192F2896003C2A03 /* PBXContainerItemProxy */;
		};
/* End PBXTargetDependency section */

/* Begin PBXVariantGroup section */
		EF97800F192F2896003C2A03 /* InfoPlist.strings */ = {
			isa = PBXVariantGroup;
			children = (
				EF978010192F2896003C2A03 /* en */,
			);
			name = InfoPlist.strings;
			sourceTree = "<group>";
		};
		EF978018192F2896003C2A03 /* Main.storyboard */ = {
			isa = PBXVariantGroup;
			children = (
				EF978019192F2896003C2A03 /* Base */,
			);
			name = Main.storyboard;
			sourceTree = "<group>";
		};
		EF97802E192F2896003C2A03 /* InfoPlist.strings */ = {
			isa = PBXVariantGroup;
			children = (
				EF97802F192F2896003C2A03 /* en */,
			);
			name = InfoPlist.strings;
			sourceTree = "<group>";
		};
/* End PBXVariantGroup section */

/* Begin XCBuildConfiguration section */
		EF978033192F2896003C2A03 /* Debug */ = {
			isa = XCBuildConfiguration;
			buildSettings = {
				ALWAYS_SEARCH_USER_PATHS = NO;
				CLANG_CXX_LANGUAGE_STANDARD = "gnu++0x";
				CLANG_CXX_LIBRARY = "libc++";
				CLANG_ENABLE_MODULES = YES;
				CLANG_ENABLE_OBJC_ARC = YES;
				CLANG_WARN_BOOL_CONVERSION = YES;
				CLANG_WARN_CONSTANT_CONVERSION = YES;
				CLANG_WARN_DIRECT_OBJC_ISA_USAGE = YES_ERROR;
				CLANG_WARN_EMPTY_BODY = YES;
				CLANG_WARN_ENUM_CONVERSION = YES;
				CLANG_WARN_INT_CONVERSION = YES;
				CLANG_WARN_OBJC_ROOT_CLASS = YES_ERROR;
				CLANG_WARN__DUPLICATE_METHOD_MATCH = YES;
				"CODE_SIGN_IDENTITY[sdk=iphoneos*]" = "iPhone Developer";
				COPY_PHASE_STRIP = NO;
				GCC_C_LANGUAGE_STANDARD = gnu99;
				GCC_DYNAMIC_NO_PIC = NO;
				GCC_OPTIMIZATION_LEVEL = 0;
				GCC_PREPROCESSOR_DEFINITIONS = (
					"DEBUG=1",
					"$(inherited)",
				);
				GCC_SYMBOLS_PRIVATE_EXTERN = NO;
				GCC_WARN_64_TO_32_BIT_CONVERSION = YES;
				GCC_WARN_ABOUT_RETURN_TYPE = YES_ERROR;
				GCC_WARN_UNDECLARED_SELECTOR = YES;
				GCC_WARN_UNINITIALIZED_AUTOS = YES_AGGRESSIVE;
				GCC_WARN_UNUSED_FUNCTION = YES;
				GCC_WARN_UNUSED_VARIABLE = YES;
				IPHONEOS_DEPLOYMENT_TARGET = 7.1;
				ONLY_ACTIVE_ARCH = YES;
				SDKROOT = iphoneos;
			};
			name = Debug;
		};
		EF978034192F2896003C2A03 /* Release */ = {
			isa = XCBuildConfiguration;
			buildSettings = {
				ALWAYS_SEARCH_USER_PATHS = NO;
				CLANG_CXX_LANGUAGE_STANDARD = "gnu++0x";
				CLANG_CXX_LIBRARY = "libc++";
				CLANG_ENABLE_MODULES = YES;
				CLANG_ENABLE_OBJC_ARC = YES;
				CLANG_WARN_BOOL_CONVERSION = YES;
				CLANG_WARN_CONSTANT_CONVERSION = YES;
				CLANG_WARN_DIRECT_OBJC_ISA_USAGE = YES_ERROR;
				CLANG_WARN_EMPTY_BODY = YES;
				CLANG_WARN_ENUM_CONVERSION = YES;
				CLANG_WARN_INT_CONVERSION = YES;
				CLANG_WARN_OBJC_ROOT_CLASS = YES_ERROR;
				CLANG_WARN__DUPLICATE_METHOD_MATCH = YES;
				"CODE_SIGN_IDENTITY[sdk=iphoneos*]" = "iPhone Developer";
				COPY_PHASE_STRIP = YES;
				ENABLE_NS_ASSERTIONS = NO;
				GCC_C_LANGUAGE_STANDARD = gnu99;
				GCC_WARN_64_TO_32_BIT_CONVERSION = YES;
				GCC_WARN_ABOUT_RETURN_TYPE = YES_ERROR;
				GCC_WARN_UNDECLARED_SELECTOR = YES;
				GCC_WARN_UNINITIALIZED_AUTOS = YES_AGGRESSIVE;
				GCC_WARN_UNUSED_FUNCTION = YES;
				GCC_WARN_UNUSED_VARIABLE = YES;
				IPHONEOS_DEPLOYMENT_TARGET = 7.1;
				SDKROOT = iphoneos;
				VALIDATE_PRODUCT = YES;
			};
			name = Release;
		};
		EF978036192F2896003C2A03 /* Debug */ = {
			isa = XCBuildConfiguration;
			buildSettings = {
				ASSETCATALOG_COMPILER_APPICON_NAME = AppIcon;
				ASSETCATALOG_COMPILER_LAUNCHIMAGE_NAME = LaunchImage;
				GCC_PRECOMPILE_PREFIX_HEADER = YES;
				GCC_PREFIX_HEADER = "ApiSport/ApiSport-Prefix.pch";
				INFOPLIST_FILE = "ApiSport/ApiSport-Info.plist";
				PRODUCT_NAME = "$(TARGET_NAME)";
				WRAPPER_EXTENSION = app;
			};
			name = Debug;
		};
		EF978037192F2896003C2A03 /* Release */ = {
			isa = XCBuildConfiguration;
			buildSettings = {
				ASSETCATALOG_COMPILER_APPICON_NAME = AppIcon;
				ASSETCATALOG_COMPILER_LAUNCHIMAGE_NAME = LaunchImage;
				GCC_PRECOMPILE_PREFIX_HEADER = YES;
				GCC_PREFIX_HEADER = "ApiSport/ApiSport-Prefix.pch";
				INFOPLIST_FILE = "ApiSport/ApiSport-Info.plist";
				PRODUCT_NAME = "$(TARGET_NAME)";
				WRAPPER_EXTENSION = app;
			};
			name = Release;
		};
		EF978039192F2896003C2A03 /* Debug */ = {
			isa = XCBuildConfiguration;
			buildSettings = {
				BUNDLE_LOADER = "$(BUILT_PRODUCTS_DIR)/ApiSport.app/ApiSport";
				FRAMEWORK_SEARCH_PATHS = (
					"$(SDKROOT)/Developer/Library/Frameworks",
					"$(inherited)",
					"$(DEVELOPER_FRAMEWORKS_DIR)",
				);
				GCC_PRECOMPILE_PREFIX_HEADER = YES;
				GCC_PREFIX_HEADER = "ApiSport/ApiSport-Prefix.pch";
				GCC_PREPROCESSOR_DEFINITIONS = (
					"DEBUG=1",
					"$(inherited)",
				);
				INFOPLIST_FILE = "ApiSportTests/ApiSportTests-Info.plist";
				PRODUCT_NAME = "$(TARGET_NAME)";
				TEST_HOST = "$(BUNDLE_LOADER)";
				WRAPPER_EXTENSION = xctest;
			};
			name = Debug;
		};
		EF97803A192F2896003C2A03 /* Release */ = {
			isa = XCBuildConfiguration;
			buildSettings = {
				BUNDLE_LOADER = "$(BUILT_PRODUCTS_DIR)/ApiSport.app/ApiSport";
				FRAMEWORK_SEARCH_PATHS = (
					"$(SDKROOT)/Developer/Library/Frameworks",
					"$(inherited)",
					"$(DEVELOPER_FRAMEWORKS_DIR)",
				);
				GCC_PRECOMPILE_PREFIX_HEADER = YES;
				GCC_PREFIX_HEADER = "ApiSport/ApiSport-Prefix.pch";
				INFOPLIST_FILE = "ApiSportTests/ApiSportTests-Info.plist";
				PRODUCT_NAME = "$(TARGET_NAME)";
				TEST_HOST = "$(BUNDLE_LOADER)";
				WRAPPER_EXTENSION = xctest;
			};
			name = Release;
		};
/* End XCBuildConfiguration section */

/* Begin XCConfigurationList section */
		EF977FFE192F2896003C2A03 /* Build configuration list for PBXProject "ApiSport" */ = {
			isa = XCConfigurationList;
			buildConfigurations = (
				EF978033192F2896003C2A03 /* Debug */,
				EF978034192F2896003C2A03 /* Release */,
			);
			defaultConfigurationIsVisible = 0;
			defaultConfigurationName = Release;
		};
		EF978035192F2896003C2A03 /* Build configuration list for PBXNativeTarget "ApiSport" */ = {
			isa = XCConfigurationList;
			buildConfigurations = (
				EF978036192F2896003C2A03 /* Debug */,
				EF978037192F2896003C2A03 /* Release */,
			);
			defaultConfigurationIsVisible = 0;
			defaultConfigurationName = Release;
		};
		EF978038192F2896003C2A03 /* Build configuration list for PBXNativeTarget "ApiSportTests" */ = {
			isa = XCConfigurationList;
			buildConfigurations = (
				EF978039192F2896003C2A03 /* Debug */,
				EF97803A192F2896003C2A03 /* Release */,
			);
			defaultConfigurationIsVisible = 0;
			defaultConfigurationName = Release;
		};
/* End XCConfigurationList section */
	};
	rootObject = EF977FFB192F2896003C2A03 /* Project object */;
}
